
Microsoft Visual Studio Solution File, Format Version 12.00
# Visual Studio Version 16
VisualStudioVersion = 25.0.1706.0
MinimumVisualStudioVersion = 10.0.40219.1
Project("{FAE04EC0-301F-11D3-BF4B-00C04F79EFBC}") = "TreeApi", "TreeApi\TreeApi.csproj", "{438B21DB-8F7E-4B7F-82F6-68EE961830DC}"
EndProject
Global
	GlobalSection(SolutionConfigurationPlatforms) = preSolution
		Debug|Any CPU = Debug|Any CPU
		Release|Any CPU = Release|Any CPU
	EndGlobalSection
	GlobalSection(ProjectConfigurationPlatforms) = postSolution
		{438B21DB-8F7E-4B7F-82F6-68EE961830DC}.Debug|Any CPU.ActiveCfg = Debug|Any CPU
		{438B21DB-8F7E-4B7F-82F6-68EE961830DC}.Debug|Any CPU.Build.0 = Debug|Any CPU
		{438B21DB-8F7E-4B7F-82F6-68EE961830DC}.Release|Any CPU.ActiveCfg = Release|Any CPU
		{438B21DB-8F7E-4B7F-82F6-68EE961830DC}.Release|Any CPU.Build.0 = Release|Any CPU
	EndGlobalSection
	GlobalSection(SolutionProperties) = preSolution
		HideSolutionNode = FALSE
	EndGlobalSection
	GlobalSection(ExtensibilityGlobals) = postSolution
		SolutionGuid = {686AD0EB-2FD0-48D9-BAF0-1A5D3A13118D}
	EndGlobalSection
EndGlobal
